
Microsoft Visual Studio Solution File, Format Version 12.00
# Visual Studio 15
VisualStudioVersion = 15.0.27004.2005
MinimumVisualStudioVersion = 10.0.40219.1
Project("{FAE04EC0-301F-11D3-BF4B-00C04F79EFBC}") = "IterationFractal", "IterationFractal\IterationFractal.csproj", "{B4313F89-2011-4396-A26B-BD3A2ED39EC7}"
EndProject
Global
	GlobalSection(SolutionConfigurationPlatforms) = preSolution
		Debug|Any CPU = Debug|Any CPU
		Release|Any CPU = Release|Any CPU
	EndGlobalSection
	GlobalSection(ProjectConfigurationPlatforms) = postSolution
		{B4313F89-2011-4396-A26B-BD3A2ED39EC7}.Debug|Any CPU.ActiveCfg = Debug|Any CPU
		{B4313F89-2011-4396-A26B-BD3A2ED39EC7}.Debug|Any CPU.Build.0 = Debug|Any CPU
		{B4313F89-2011-4396-A26B-BD3A2ED39EC7}.Release|Any CPU.ActiveCfg = Release|Any CPU
		{B4313F89-2011-4396-A26B-BD3A2ED39EC7}.Release|Any CPU.Build.0 = Release|Any CPU
	EndGlobalSection
	GlobalSection(SolutionProperties) = preSolution
		HideSolutionNode = FALSE
	EndGlobalSection
	GlobalSection(ExtensibilityGlobals) = postSolution
		SolutionGuid = {463EF7EF-5E8D-46D9-88D3-192018D81DAE}
	EndGlobalSection
EndGlobal
